
Microsoft Visual Studio Solution File, Format Version 12.00
# Visual Studio Version 16
VisualStudioVersion = 16.0.31702.278
MinimumVisualStudioVersion = 10.0.40219.1
Project("{FAE04EC0-301F-11D3-BF4B-00C04F79EFBC}") = "BlazorExcercise", "BlazorExcercise\BlazorExcercise.csproj", "{85392C15-AF8C-419A-AA63-D1AF2052F2BE}"
EndProject
Global
	GlobalSection(SolutionConfigurationPlatforms) = preSolution
		Debug|Any CPU = Debug|Any CPU
		Release|Any CPU = Release|Any CPU
	EndGlobalSection
	GlobalSection(ProjectConfigurationPlatforms) = postSolution
		{85392C15-AF8C-419A-AA63-D1AF2052F2BE}.Debug|Any CPU.ActiveCfg = Debug|Any CPU
		{85392C15-AF8C-419A-AA63-D1AF2052F2BE}.Debug|Any CPU.Build.0 = Debug|Any CPU
		{85392C15-AF8C-419A-AA63-D1AF2052F2BE}.Release|Any CPU.ActiveCfg = Release|Any CPU
		{85392C15-AF8C-419A-AA63-D1AF2052F2BE}.Release|Any CPU.Build.0 = Release|Any CPU
	EndGlobalSection
	GlobalSection(SolutionProperties) = preSolution
		HideSolutionNode = FALSE
	EndGlobalSection
	GlobalSection(ExtensibilityGlobals) = postSolution
		SolutionGuid = {1D969A57-9751-4DA8-B9D5-60E20DE2CF7F}
	EndGlobalSection
EndGlobal
